
Microsoft Visual Studio Solution File, Format Version 12.00
# Visual Studio 14
VisualStudioVersion = 14.0.25420.1
MinimumVisualStudioVersion = 10.0.40219.1
Project("{FAE04EC0-301F-11D3-BF4B-00C04F79EFBC}") = "Day 20", "Day 20\Day 20.csproj", "{AFAAFFB5-3682-4AF5-9FD2-230B16A57841}"
EndProject
Global
	GlobalSection(SolutionConfigurationPlatforms) = preSolution
		Debug|Any CPU = Debug|Any CPU
		Release|Any CPU = Release|Any CPU
	EndGlobalSection
	GlobalSection(ProjectConfigurationPlatforms) = postSolution
		{AFAAFFB5-3682-4AF5-9FD2-230B16A57841}.Debug|Any CPU.ActiveCfg = Debug|Any CPU
		{AFAAFFB5-3682-4AF5-9FD2-230B16A57841}.Debug|Any CPU.Build.0 = Debug|Any CPU
		{AFAAFFB5-3682-4AF5-9FD2-230B16A57841}.Release|Any CPU.ActiveCfg = Release|Any CPU
		{AFAAFFB5-3682-4AF5-9FD2-230B16A57841}.Release|Any CPU.Build.0 = Release|Any CPU
	EndGlobalSection
	GlobalSection(SolutionProperties) = preSolution
		HideSolutionNode = FALSE
	EndGlobalSection
EndGlobal
